schema: '2.0'
stages:
  dataingestion:
    cmd: python src/dataingestion.py
    deps:
    - path: src/dataingestion.py
      hash: md5
      md5: 518c424fba29bd400fbc71d311fb7e63
      size: 3238
    params:
      params.yaml:
        dataingestion.test_size: 0.2
  DataPreprocessing:
    cmd: python src/DataPreprocessing.py
    deps:
    - path: data/raw
      hash: md5
      md5: e994d2272890bb702aefdbe87e641e26.dir
      size: 484846
      nfiles: 2
    - path: src/DataPreprocessing.py
      hash: md5
      md5: 48d2b05f8d01bb0a4971903da78059c1
      size: 2736
  FeatureEngineering:
    cmd: python src/FeatureEngineering.py
    deps:
    - path: data/interim
      hash: md5
      md5: b833e0254c128503e4b85fc514ad996d.dir
      size: 691665
      nfiles: 2
    - path: src/FeatureEngineering.py
      hash: md5
      md5: 9d6342315058f5fda97ac701ff0f186b
      size: 3280
    params:
      params.yaml:
        featureEngineering.max_features: 50
  ModelBuilding:
    cmd: python src/ModelBuilding.py
    deps:
    - path: data/processed
      hash: md5
      md5: bb0f9161e7a1d621904f68c90ad7aaa9.dir
      size: 1405766
      nfiles: 2
    - path: src/ModelBuilding.py
      hash: md5
      md5: c469510cba49192af112c44a0a414a80
      size: 3003
    params:
      params.yaml:
        modelBuilding.n_estimators: 25
        modelBuilding.random_state: 2
  modelEvaluation:
    cmd: python src/modelEvaluation.py
    deps:
    - path: models/model.pkl
      hash: md5
      md5: 25222b8187dc3dfffa6cb7aff28ba8e1
      size: 1417522
    - path: src/modelEvaluation.py
      hash: md5
      md5: a4c8ec6dcef1dbf6ab2271c82fd6a763
      size: 2971
