schema: '2.0'
stages:
  dataingestion:
    cmd: python src/dataingestion.py
    deps:
    - path: src/dataingestion.py
      hash: md5
      md5: 518c424fba29bd400fbc71d311fb7e63
      size: 3238
    params:
      params.yaml:
        dataingestion.test_size: 0.4
  DataPreprocessing:
    cmd: python src/DataPreprocessing.py
    deps:
    - path: data/raw
      hash: md5
      md5: 50ea6229382a4b08c8c495b4aeb04024.dir
      size: 484846
      nfiles: 2
    - path: src/DataPreprocessing.py
      hash: md5
      md5: 48d2b05f8d01bb0a4971903da78059c1
      size: 2736
  FeatureEngineering:
    cmd: python src/FeatureEngineering.py
    deps:
    - path: data/interim
      hash: md5
      md5: 96b104ac43c62166780e06827a0f7f79.dir
      size: 699020
      nfiles: 2
    - path: src/FeatureEngineering.py
      hash: md5
      md5: 9d6342315058f5fda97ac701ff0f186b
      size: 3280
    params:
      params.yaml:
        featureEngineering.max_features: 40
  ModelBuilding:
    cmd: python src/ModelBuilding.py
    deps:
    - path: data/processed
      hash: md5
      md5: 5d859c89d0dc379916eb5e5f9815e71a.dir
      size: 1034444
      nfiles: 2
    - path: src/ModelBuilding.py
      hash: md5
      md5: c469510cba49192af112c44a0a414a80
      size: 3003
    params:
      params.yaml:
        modelBuilding.n_estimators: 15
        modelBuilding.random_state: 2
  modelEvaluation:
    cmd: python src/modelEvaluation.py
    deps:
    - path: models/model.pkl
      hash: md5
      md5: f51e416e3ef33cc65f81270dc99b93bd
      size: 724780
    - path: src/modelEvaluation.py
      hash: md5
      md5: 6c8252428d72343c0e3ba355c4cf2721
      size: 3790
